Microsoft Visual Studio Solution File, Format Version 12.00
# Visual Studio 2012
Project("{FAE04EC0-301F-11D3-BF4B-00C04F79EFBC}") = "SampleGodotProject_OnReadySourceGenerator", "SampleGodotProject_OnReadySourceGenerator.csproj", "{795F7702-063F-455E-9ED3-E1A9FDC8C15B}"
EndProject
Global
	GlobalSection(SolutionConfigurationPlatforms) = preSolution
	Debug|Any CPU = Debug|Any CPU
	ExportDebug|Any CPU = ExportDebug|Any CPU
	ExportRelease|Any CPU = ExportRelease|Any CPU
	EndGlobalSection
	GlobalSection(ProjectConfigurationPlatforms) = postSolution
		{795F7702-063F-455E-9ED3-E1A9FDC8C15B}.Debug|Any CPU.ActiveCfg = Debug|Any CPU
		{795F7702-063F-455E-9ED3-E1A9FDC8C15B}.Debug|Any CPU.Build.0 = Debug|Any CPU
		{795F7702-063F-455E-9ED3-E1A9FDC8C15B}.ExportDebug|Any CPU.ActiveCfg = ExportDebug|Any CPU
		{795F7702-063F-455E-9ED3-E1A9FDC8C15B}.ExportDebug|Any CPU.Build.0 = ExportDebug|Any CPU
		{795F7702-063F-455E-9ED3-E1A9FDC8C15B}.ExportRelease|Any CPU.ActiveCfg = ExportRelease|Any CPU
		{795F7702-063F-455E-9ED3-E1A9FDC8C15B}.ExportRelease|Any CPU.Build.0 = ExportRelease|Any CPU
	EndGlobalSection
EndGlobal
